
Microsoft Visual Studio Solution File, Format Version 12.00
# Visual Studio Version 17
VisualStudioVersion = 17.4.33122.133
MinimumVisualStudioVersion = 10.0.40219.1
Project("{9A19103F-16F7-4668-BE54-9A1E7A4F7556}") = "Minerva", "Minerva\Minerva.csproj", "{0ECF7BA5-A20C-4C69-ABD1-0B19CE39F854}"
EndProject
Global
	GlobalSection(SolutionConfigurationPlatforms) = preSolution
		Debug|Any CPU = Debug|Any CPU
		Release|Any CPU = Release|Any CPU
	EndGlobalSection
	GlobalSection(ProjectConfigurationPlatforms) = postSolution
		{0ECF7BA5-A20C-4C69-ABD1-0B19CE39F854}.Debug|Any CPU.ActiveCfg = Debug|Any CPU
		{0ECF7BA5-A20C-4C69-ABD1-0B19CE39F854}.Debug|Any CPU.Build.0 = Debug|Any CPU
		{0ECF7BA5-A20C-4C69-ABD1-0B19CE39F854}.Release|Any CPU.ActiveCfg = Release|Any CPU
		{0ECF7BA5-A20C-4C69-ABD1-0B19CE39F854}.Release|Any CPU.Build.0 = Release|Any CPU
	EndGlobalSection
	GlobalSection(SolutionProperties) = preSolution
		HideSolutionNode = FALSE
	EndGlobalSection
	GlobalSection(ExtensibilityGlobals) = postSolution
		SolutionGuid = {E420C611-B0B6-421A-929D-3A9C93CBA668}
	EndGlobalSection
EndGlobal
